
Microsoft Visual Studio Solution File, Format Version 12.00
# Visual Studio 15
Project("{FAE04EC0-301F-11D3-BF4B-00C04F79EFBC}") = "Assembly-CSharp", "Assembly-CSharp.csproj", "{AB676F21-B622-E3D7-8FF7-331EB100C623}"
EndProject
Project("{FAE04EC0-301F-11D3-BF4B-00C04F79EFBC}") = "Assembly-CSharp-firstpass", "Assembly-CSharp-firstpass.csproj", "{01794340-A4FB-DE99-BE81-CAECD7F2D34C}"
EndProject
Project("{FAE04EC0-301F-11D3-BF4B-00C04F79EFBC}") = "Assembly-CSharp-Editor-firstpass", "Assembly-CSharp-Editor-firstpass.csproj", "{B49C1FDE-EA3E-B9DB-E0A8-34FD16F5A09A}"
EndProject
Global
	GlobalSection(SolutionConfigurationPlatforms) = preSolution
		Debug|Any CPU = Debug|Any CPU
		Release|Any CPU = Release|Any CPU
	EndGlobalSection
	GlobalSection(ProjectConfigurationPlatforms) = postSolution
		{AB676F21-B622-E3D7-8FF7-331EB100C623}.Debug|Any CPU.ActiveCfg = Debug|Any CPU
		{AB676F21-B622-E3D7-8FF7-331EB100C623}.Debug|Any CPU.Build.0 = Debug|Any CPU
		{AB676F21-B622-E3D7-8FF7-331EB100C623}.Release|Any CPU.ActiveCfg = Release|Any CPU
		{AB676F21-B622-E3D7-8FF7-331EB100C623}.Release|Any CPU.Build.0 = Release|Any CPU
		{01794340-A4FB-DE99-BE81-CAECD7F2D34C}.Debug|Any CPU.ActiveCfg = Debug|Any CPU
		{01794340-A4FB-DE99-BE81-CAECD7F2D34C}.Debug|Any CPU.Build.0 = Debug|Any CPU
		{01794340-A4FB-DE99-BE81-CAECD7F2D34C}.Release|Any CPU.ActiveCfg = Release|Any CPU
		{01794340-A4FB-DE99-BE81-CAECD7F2D34C}.Release|Any CPU.Build.0 = Release|Any CPU
		{B49C1FDE-EA3E-B9DB-E0A8-34FD16F5A09A}.Debug|Any CPU.ActiveCfg = Debug|Any CPU
		{B49C1FDE-EA3E-B9DB-E0A8-34FD16F5A09A}.Debug|Any CPU.Build.0 = Debug|Any CPU
		{B49C1FDE-EA3E-B9DB-E0A8-34FD16F5A09A}.Release|Any CPU.ActiveCfg = Release|Any CPU
		{B49C1FDE-EA3E-B9DB-E0A8-34FD16F5A09A}.Release|Any CPU.Build.0 = Release|Any CPU
	EndGlobalSection
	GlobalSection(SolutionProperties) = preSolution
		HideSolutionNode = FALSE
	EndGlobalSection
EndGlobal
